
Microsoft Visual Studio Solution File, Format Version 12.00
# Visual Studio 14
VisualStudioVersion = 14.0.23107.0
MinimumVisualStudioVersion = 10.0.40219.1
Project("{FAE04EC0-301F-11D3-BF4B-00C04F79EFBC}") = "VkMusic.DAL", "VkMusic.DAL\VkMusic.DAL.csproj", "{7BF17888-40CF-4F30-B61F-A484ECF14F92}"
EndProject
Project("{FAE04EC0-301F-11D3-BF4B-00C04F79EFBC}") = "VkMusic.Sync", "VkMusic.Sync\VkMusic.Sync.csproj", "{456B9B2D-5565-4F77-BC3D-144C3CEA8B4E}"
EndProject
Project("{FAE04EC0-301F-11D3-BF4B-00C04F79EFBC}") = "VkMusic.UI", "VkMusic.UI\VkMusic.UI.csproj", "{19DFA5B2-AA07-4295-BB52-7B41FCC3D827}"
EndProject
Project("{FAE04EC0-301F-11D3-BF4B-00C04F79EFBC}") = "VkMusic.UnitTestProject", "VkMusic.UnitTestProject\VkMusic.UnitTestProject.csproj", "{BC836C34-E61C-489B-9638-59984A9A8D07}"
EndProject
Global
	GlobalSection(SolutionConfigurationPlatforms) = preSolution
		Debug|Any CPU = Debug|Any CPU
		Release|Any CPU = Release|Any CPU
	EndGlobalSection
	GlobalSection(ProjectConfigurationPlatforms) = postSolution
		{7BF17888-40CF-4F30-B61F-A484ECF14F92}.Debug|Any CPU.ActiveCfg = Debug|Any CPU
		{7BF17888-40CF-4F30-B61F-A484ECF14F92}.Debug|Any CPU.Build.0 = Debug|Any CPU
		{7BF17888-40CF-4F30-B61F-A484ECF14F92}.Release|Any CPU.ActiveCfg = Release|Any CPU
		{7BF17888-40CF-4F30-B61F-A484ECF14F92}.Release|Any CPU.Build.0 = Release|Any CPU
		{456B9B2D-5565-4F77-BC3D-144C3CEA8B4E}.Debug|Any CPU.ActiveCfg = Debug|Any CPU
		{456B9B2D-5565-4F77-BC3D-144C3CEA8B4E}.Debug|Any CPU.Build.0 = Debug|Any CPU
		{456B9B2D-5565-4F77-BC3D-144C3CEA8B4E}.Release|Any CPU.ActiveCfg = Release|Any CPU
		{456B9B2D-5565-4F77-BC3D-144C3CEA8B4E}.Release|Any CPU.Build.0 = Release|Any CPU
		{19DFA5B2-AA07-4295-BB52-7B41FCC3D827}.Debug|Any CPU.ActiveCfg = Debug|Any CPU
		{19DFA5B2-AA07-4295-BB52-7B41FCC3D827}.Debug|Any CPU.Build.0 = Debug|Any CPU
		{19DFA5B2-AA07-4295-BB52-7B41FCC3D827}.Release|Any CPU.ActiveCfg = Release|Any CPU
		{19DFA5B2-AA07-4295-BB52-7B41FCC3D827}.Release|Any CPU.Build.0 = Release|Any CPU
		{BC836C34-E61C-489B-9638-59984A9A8D07}.Debug|Any CPU.ActiveCfg = Debug|Any CPU
		{BC836C34-E61C-489B-9638-59984A9A8D07}.Debug|Any CPU.Build.0 = Debug|Any CPU
		{BC836C34-E61C-489B-9638-59984A9A8D07}.Release|Any CPU.ActiveCfg = Release|Any CPU
		{BC836C34-E61C-489B-9638-59984A9A8D07}.Release|Any CPU.Build.0 = Release|Any CPU
	EndGlobalSection
	GlobalSection(SolutionProperties) = preSolution
		HideSolutionNode = FALSE
	EndGlobalSection
EndGlobal
